
Microsoft Visual Studio Solution File, Format Version 12.00
# Visual Studio Version 17
VisualStudioVersion = 17.0.31903.59
MinimumVisualStudioVersion = 10.0.40219.1
Project("{FAE04EC0-301F-11D3-BF4B-00C04F79EFBC}") = "MottuAPI.API", "MottuAPI.API\MottuAPI.API.csproj", "{7295138E-9D00-4098-9495-AB6530FD1FBB}"
EndProject
Project("{FAE04EC0-301F-11D3-BF4B-00C04F79EFBC}") = "MottuAPI.Domain", "MottuAPI.Domain\MottuAPI.Domain.csproj", "{5760A0A5-99CF-4CA9-8F12-6250330577AF}"
EndProject
Project("{FAE04EC0-301F-11D3-BF4B-00C04F79EFBC}") = "MottuAPI.Application", "MottuAPI.Application\MottuAPI.Application.csproj", "{F2CB06CE-7D07-45DB-A7A8-74F319B649F0}"
EndProject
Project("{FAE04EC0-301F-11D3-BF4B-00C04F79EFBC}") = "MottuAPI.Infrastructure", "MottuAPI.Infrastructure\MottuAPI.Infrastructure.csproj", "{D3D1F26D-24A8-4312-999B-755D56358486}"
EndProject
Global
	GlobalSection(SolutionConfigurationPlatforms) = preSolution
		Debug|Any CPU = Debug|Any CPU
		Release|Any CPU = Release|Any CPU
	EndGlobalSection
	GlobalSection(SolutionProperties) = preSolution
		HideSolutionNode = FALSE
	EndGlobalSection
	GlobalSection(ProjectConfigurationPlatforms) = postSolution
		{7295138E-9D00-4098-9495-AB6530FD1FBB}.Debug|Any CPU.ActiveCfg = Debug|Any CPU
		{7295138E-9D00-4098-9495-AB6530FD1FBB}.Debug|Any CPU.Build.0 = Debug|Any CPU
		{7295138E-9D00-4098-9495-AB6530FD1FBB}.Release|Any CPU.ActiveCfg = Release|Any CPU
		{7295138E-9D00-4098-9495-AB6530FD1FBB}.Release|Any CPU.Build.0 = Release|Any CPU
		{5760A0A5-99CF-4CA9-8F12-6250330577AF}.Debug|Any CPU.ActiveCfg = Debug|Any CPU
		{5760A0A5-99CF-4CA9-8F12-6250330577AF}.Debug|Any CPU.Build.0 = Debug|Any CPU
		{5760A0A5-99CF-4CA9-8F12-6250330577AF}.Release|Any CPU.ActiveCfg = Release|Any CPU
		{5760A0A5-99CF-4CA9-8F12-6250330577AF}.Release|Any CPU.Build.0 = Release|Any CPU
		{F2CB06CE-7D07-45DB-A7A8-74F319B649F0}.Debug|Any CPU.ActiveCfg = Debug|Any CPU
		{F2CB06CE-7D07-45DB-A7A8-74F319B649F0}.Debug|Any CPU.Build.0 = Debug|Any CPU
		{F2CB06CE-7D07-45DB-A7A8-74F319B649F0}.Release|Any CPU.ActiveCfg = Release|Any CPU
		{F2CB06CE-7D07-45DB-A7A8-74F319B649F0}.Release|Any CPU.Build.0 = Release|Any CPU
		{D3D1F26D-24A8-4312-999B-755D56358486}.Debug|Any CPU.ActiveCfg = Debug|Any CPU
		{D3D1F26D-24A8-4312-999B-755D56358486}.Debug|Any CPU.Build.0 = Debug|Any CPU
		{D3D1F26D-24A8-4312-999B-755D56358486}.Release|Any CPU.ActiveCfg = Release|Any CPU
		{D3D1F26D-24A8-4312-999B-755D56358486}.Release|Any CPU.Build.0 = Release|Any CPU
	EndGlobalSection
EndGlobal
